
Microsoft Visual Studio Solution File, Format Version 12.00
# Visual Studio Version 17
VisualStudioVersion = 17.4.33110.190
MinimumVisualStudioVersion = 10.0.40219.1
Project("{FAE04EC0-301F-11D3-BF4B-00C04F79EFBC}") = "CAS_Engineering_Main", "CAS_Engineering_Main\CAS_Engineering_Main.csproj", "{094C346E-9489-4037-9AEB-193DD818A41F}"
EndProject
Global
	GlobalSection(SolutionConfigurationPlatforms) = preSolution
		Debug|Any CPU = Debug|Any CPU
		Release|Any CPU = Release|Any CPU
	EndGlobalSection
	GlobalSection(ProjectConfigurationPlatforms) = postSolution
		{094C346E-9489-4037-9AEB-193DD818A41F}.Debug|Any CPU.ActiveCfg = Debug|Any CPU
		{094C346E-9489-4037-9AEB-193DD818A41F}.Debug|Any CPU.Build.0 = Debug|Any CPU
		{094C346E-9489-4037-9AEB-193DD818A41F}.Release|Any CPU.ActiveCfg = Release|Any CPU
		{094C346E-9489-4037-9AEB-193DD818A41F}.Release|Any CPU.Build.0 = Release|Any CPU
	EndGlobalSection
	GlobalSection(SolutionProperties) = preSolution
		HideSolutionNode = FALSE
	EndGlobalSection
	GlobalSection(ExtensibilityGlobals) = postSolution
		SolutionGuid = {F8AEAE33-7785-4959-AC75-99E2F60BAE9B}
	EndGlobalSection
EndGlobal
